// !$*UTF8*$!
{
	archiveVersion = 1;
	classes = {
	};
	objectVersion = 56;
	objects = {

/* Begin PBXBuildFile section */
		A800EA432A98F3C2009443C4 /* PredictionsView.swift in Sources */ = {isa = PBXBuildFile; fileRef = A800EA422A98F3C2009443C4 /* PredictionsView.swift */; };
		A80FDAA62A924E82008C8995 /* MobileNetV2.mlmodel in Sources */ = {isa = PBXBuildFile; fileRef = A80FDAA52A924E82008C8995 /* MobileNetV2.mlmodel */; };
		A80FDAA82A928208008C8995 /* ClassificationViewModel.swift in Sources */ = {isa = PBXBuildFile; fileRef = A80FDAA72A928208008C8995 /* ClassificationViewModel.swift */; };
		A81F736A2A94EDCF0006E9F9 /* NavigationManager.swift in Sources */ = {isa = PBXBuildFile; fileRef = A81F73692A94EDCF0006E9F9 /* NavigationManager.swift */; };
		A81F736E2A95182E0006E9F9 /* UserPreferencesView.swift in Sources */ = {isa = PBXBuildFile; fileRef = A81F736D2A95182E0006E9F9 /* UserPreferencesView.swift */; };
		A8776E512AAF29C70063AEBA /* Resnet50.mlmodel in Sources */ = {isa = PBXBuildFile; fileRef = A8776E502AAF29C70063AEBA /* Resnet50.mlmodel */; };
		A8776E532AAF29D70063AEBA /* SqueezeNet.mlmodel in Sources */ = {isa = PBXBuildFile; fileRef = A8776E522AAF29D70063AEBA /* SqueezeNet.mlmodel */; };
		A8C6D7F72A8F56EB00A4EA22 /* SwiftImageAnalyserApp.swift in Sources */ = {isa = PBXBuildFile; fileRef = A8C6D7F62A8F56EB00A4EA22 /* SwiftImageAnalyserApp.swift */; };
		A8C6D7F92A8F56EB00A4EA22 /* ContentView.swift in Sources */ = {isa = PBXBuildFile; fileRef = A8C6D7F82A8F56EB00A4EA22 /* ContentView.swift */; };
		A8C6D7FB2A8F56EC00A4EA22 /* Assets.xcassets in Resources */ = {isa = PBXBuildFile; fileRef = A8C6D7FA2A8F56EC00A4EA22 /* Assets.xcassets */; };
		A8C6D7FE2A8F56EC00A4EA22 /* Preview Assets.xcassets in Resources */ = {isa = PBXBuildFile; fileRef = A8C6D7FD2A8F56EC00A4EA22 /* Preview Assets.xcassets */; };
		A8C6D8052A8FBEDD00A4EA22 /* ClassifierComposer.swift in Sources */ = {isa = PBXBuildFile; fileRef = A8C6D8042A8FBEDD00A4EA22 /* ClassifierComposer.swift */; };
		A8EB08482C513DE400AAE861 /* Prediction.swift in Sources */ = {isa = PBXBuildFile; fileRef = A8EB08472C513DE400AAE861 /* Prediction.swift */; };
/* End PBXBuildFile section */

/* Begin PBXFileReference section */
		A800EA422A98F3C2009443C4 /* PredictionsView.swift */ = {isa = PBXFileReference; lastKnownFileType = sourcecode.swift; path = PredictionsView.swift; sourceTree = "<group>"; };
		A80FDAA52A924E82008C8995 /* MobileNetV2.mlmodel */ = {isa = PBXFileReference; lastKnownFileType = file.mlmodel; path = MobileNetV2.mlmodel; sourceTree = "<group>"; };
		A80FDAA72A928208008C8995 /* ClassificationViewModel.swift */ = {isa = PBXFileReference; lastKnownFileType = sourcecode.swift; path = ClassificationViewModel.swift; sourceTree = "<group>"; };
		A81F73692A94EDCF0006E9F9 /* NavigationManager.swift */ = {isa = PBXFileReference; lastKnownFileType = sourcecode.swift; path = NavigationManager.swift; sourceTree = "<group>"; };
		A81F736D2A95182E0006E9F9 /* UserPreferencesView.swift */ = {isa = PBXFileReference; lastKnownFileType = sourcecode.swift; path = UserPreferencesView.swift; sourceTree = "<group>"; };
		A8776E502AAF29C70063AEBA /* Resnet50.mlmodel */ = {isa = PBXFileReference; lastKnownFileType = file.mlmodel; path = Resnet50.mlmodel; sourceTree = "<group>"; };
		A8776E522AAF29D70063AEBA /* SqueezeNet.mlmodel */ = {isa = PBXFileReference; lastKnownFileType = file.mlmodel; path = SqueezeNet.mlmodel; sourceTree = "<group>"; };
		A8C6D7F32A8F56EB00A4EA22 /* SwiftImageAnalyser.app */ = {isa = PBXFileReference; explicitFileType = wrapper.application; includeInIndex = 0; path = SwiftImageAnalyser.app; sourceTree = BUILT_PRODUCTS_DIR; };
		A8C6D7F62A8F56EB00A4EA22 /* SwiftImageAnalyserApp.swift */ = {isa = PBXFileReference; lastKnownFileType = sourcecode.swift; path = SwiftImageAnalyserApp.swift; sourceTree = "<group>"; };
		A8C6D7F82A8F56EB00A4EA22 /* ContentView.swift */ = {isa = PBXFileReference; lastKnownFileType = sourcecode.swift; path = ContentView.swift; sourceTree = "<group>"; };
		A8C6D7FA2A8F56EC00A4EA22 /* Assets.xcassets */ = {isa = PBXFileReference; lastKnownFileType = folder.assetcatalog; path = Assets.xcassets; sourceTree = "<group>"; };
		A8C6D7FD2A8F56EC00A4EA22 /* Preview Assets.xcassets */ = {isa = PBXFileReference; lastKnownFileType = folder.assetcatalog; path = "Preview Assets.xcassets"; sourceTree = "<group>"; };
		A8C6D8042A8FBEDD00A4EA22 /* ClassifierComposer.swift */ = {isa = PBXFileReference; lastKnownFileType = sourcecode.swift; path = ClassifierComposer.swift; sourceTree = "<group>"; };
		A8EB08472C513DE400AAE861 /* Prediction.swift */ = {isa = PBXFileReference; lastKnownFileType = sourcecode.swift; path = Prediction.swift; sourceTree = "<group>"; };
/* End PBXFileReference section */

/* Begin PBXFrameworksBuildPhase section */
		A8C6D7F02A8F56EB00A4EA22 /* Frameworks */ = {
			isa = PBXFrameworksBuildPhase;
			buildActionMask = 2147483647;
			files = (
			);
			runOnlyForDeploymentPostprocessing = 0;
		};
/* End PBXFrameworksBuildPhase section */

/* Begin PBXGroup section */
		A8776E4F2AAF29850063AEBA /* ClassificationModels */ = {
			isa = PBXGroup;
			children = (
				A8776E502AAF29C70063AEBA /* Resnet50.mlmodel */,
				A8776E522AAF29D70063AEBA /* SqueezeNet.mlmodel */,
				A80FDAA52A924E82008C8995 /* MobileNetV2.mlmodel */,
			);
			path = ClassificationModels;
			sourceTree = "<group>";
		};
		A8C6D7EA2A8F56EB00A4EA22 = {
			isa = PBXGroup;
			children = (
				A8C6D7F52A8F56EB00A4EA22 /* SwiftImageAnalyser */,
				A8C6D7F42A8F56EB00A4EA22 /* Products */,
			);
			sourceTree = "<group>";
		};
		A8C6D7F42A8F56EB00A4EA22 /* Products */ = {
			isa = PBXGroup;
			children = (
				A8C6D7F32A8F56EB00A4EA22 /* SwiftImageAnalyser.app */,
			);
			name = Products;
			sourceTree = "<group>";
		};
		A8C6D7F52A8F56EB00A4EA22 /* SwiftImageAnalyser */ = {
			isa = PBXGroup;
			children = (
				A8EB08462C513DCE00AAE861 /* Models */,
				A8C6D7F62A8F56EB00A4EA22 /* SwiftImageAnalyserApp.swift */,
				A8C6D7F82A8F56EB00A4EA22 /* ContentView.swift */,
				A8C6D7FA2A8F56EC00A4EA22 /* Assets.xcassets */,
				A8C6D7FC2A8F56EC00A4EA22 /* Preview Content */,
				A8C6D8042A8FBEDD00A4EA22 /* ClassifierComposer.swift */,
				A80FDAA72A928208008C8995 /* ClassificationViewModel.swift */,
				A81F73692A94EDCF0006E9F9 /* NavigationManager.swift */,
				A81F736D2A95182E0006E9F9 /* UserPreferencesView.swift */,
				A800EA422A98F3C2009443C4 /* PredictionsView.swift */,
			);
			path = SwiftImageAnalyser;
			sourceTree = "<group>";
		};
		A8C6D7FC2A8F56EC00A4EA22 /* Preview Content */ = {
			isa = PBXGroup;
			children = (
				A8C6D7FD2A8F56EC00A4EA22 /* Preview Assets.xcassets */,
			);
			path = "Preview Content";
			sourceTree = "<group>";
		};
		A8EB08462C513DCE00AAE861 /* Models */ = {
			isa = PBXGroup;
			children = (
				A8776E4F2AAF29850063AEBA /* ClassificationModels */,
				A8EB08472C513DE400AAE861 /* Prediction.swift */,
			);
			path = Models;
			sourceTree = "<group>";
		};
/* End PBXGroup section */

/* Begin PBXNativeTarget section */
		A8C6D7F22A8F56EB00A4EA22 /* SwiftImageAnalyser */ = {
			isa = PBXNativeTarget;
			buildConfigurationList = A8C6D8012A8F56EC00A4EA22 /* Build configuration list for PBXNativeTarget "SwiftImageAnalyser" */;
			buildPhases = (
				A8C6D7EF2A8F56EB00A4EA22 /* Sources */,
				A8C6D7F02A8F56EB00A4EA22 /* Frameworks */,
				A8C6D7F12A8F56EB00A4EA22 /* Resources */,
			);
			buildRules = (
			);
			dependencies = (
			);
			name = SwiftImageAnalyser;
			productName = SwiftImageAnalyser;
			productReference = A8C6D7F32A8F56EB00A4EA22 /* SwiftImageAnalyser.app */;
			productType = "com.apple.product-type.application";
		};
/* End PBXNativeTarget section */

/* Begin PBXProject section */
		A8C6D7EB2A8F56EB00A4EA22 /* Project object */ = {
			isa = PBXProject;
			attributes = {
				BuildIndependentTargetsInParallel = 1;
				LastSwiftUpdateCheck = 1430;
				LastUpgradeCheck = 1430;
				TargetAttributes = {
					A8C6D7F22A8F56EB00A4EA22 = {
						CreatedOnToolsVersion = 14.3;
					};
				};
			};
			buildConfigurationList = A8C6D7EE2A8F56EB00A4EA22 /* Build configuration list for PBXProject "SwiftImageAnalyser" */;
			compatibilityVersion = "Xcode 14.0";
			developmentRegion = en;
			hasScannedForEncodings = 0;
			knownRegions = (
				en,
				Base,
			);
			mainGroup = A8C6D7EA2A8F56EB00A4EA22;
			productRefGroup = A8C6D7F42A8F56EB00A4EA22 /* Products */;
			projectDirPath = "";
			projectRoot = "";
			targets = (
				A8C6D7F22A8F56EB00A4EA22 /* SwiftImageAnalyser */,
			);
		};
/* End PBXProject section */

/* Begin PBXResourcesBuildPhase section */
		A8C6D7F12A8F56EB00A4EA22 /* Resources */ = {
			isa = PBXResourcesBuildPhase;
			buildActionMask = 2147483647;
			files = (
				A8C6D7FE2A8F56EC00A4EA22 /* Preview Assets.xcassets in Resources */,
				A8C6D7FB2A8F56EC00A4EA22 /* Assets.xcassets in Resources */,
			);
			runOnlyForDeploymentPostprocessing = 0;
		};
/* End PBXResourcesBuildPhase section */

/* Begin PBXSourcesBuildPhase section */
		A8C6D7EF2A8F56EB00A4EA22 /* Sources */ = {
			isa = PBXSourcesBuildPhase;
			buildActionMask = 2147483647;
			files = (
				A8C6D7F92A8F56EB00A4EA22 /* ContentView.swift in Sources */,
				A8776E512AAF29C70063AEBA /* Resnet50.mlmodel in Sources */,
				A8C6D7F72A8F56EB00A4EA22 /* SwiftImageAnalyserApp.swift in Sources */,
				A8EB08482C513DE400AAE861 /* Prediction.swift in Sources */,
				A80FDAA62A924E82008C8995 /* MobileNetV2.mlmodel in Sources */,
				A81F736A2A94EDCF0006E9F9 /* NavigationManager.swift in Sources */,
				A8C6D8052A8FBEDD00A4EA22 /* ClassifierComposer.swift in Sources */,
				A81F736E2A95182E0006E9F9 /* UserPreferencesView.swift in Sources */,
				A8776E532AAF29D70063AEBA /* SqueezeNet.mlmodel in Sources */,
				A80FDAA82A928208008C8995 /* ClassificationViewModel.swift in Sources */,
				A800EA432A98F3C2009443C4 /* PredictionsView.swift in Sources */,
			);
			runOnlyForDeploymentPostprocessing = 0;
		};
/* End PBXSourcesBuildPhase section */

/* Begin XCBuildConfiguration section */
		A8C6D7FF2A8F56EC00A4EA22 /* Debug */ = {
			isa = XCBuildConfiguration;
			buildSettings = {
				ALWAYS_SEARCH_USER_PATHS = NO;
				CLANG_ANALYZER_NONNULL = YES;
				CLANG_ANALYZER_NUMBER_OBJECT_CONVERSION = YES_AGGRESSIVE;
				CLANG_CXX_LANGUAGE_STANDARD = "gnu++20";
				CLANG_ENABLE_MODULES = YES;
				CLANG_ENABLE_OBJC_ARC = YES;
				CLANG_ENABLE_OBJC_WEAK = YES;
				CLANG_WARN_BLOCK_CAPTURE_AUTORELEASING = YES;
				CLANG_WARN_BOOL_CONVERSION = YES;
				CLANG_WARN_COMMA = YES;
				CLANG_WARN_CONSTANT_CONVERSION = YES;
				CLANG_WARN_DEPRECATED_OBJC_IMPLEMENTATIONS = YES;
				CLANG_WARN_DIRECT_OBJC_ISA_USAGE = YES_ERROR;
				CLANG_WARN_DOCUMENTATION_COMMENTS = YES;
				CLANG_WARN_EMPTY_BODY = YES;
				CLANG_WARN_ENUM_CONVERSION = YES;
				CLANG_WARN_INFINITE_RECURSION = YES;
				CLANG_WARN_INT_CONVERSION = YES;
				CLANG_WARN_NON_LITERAL_NULL_CONVERSION = YES;
				CLANG_WARN_OBJC_IMPLICIT_RETAIN_SELF = YES;
				CLANG_WARN_OBJC_LITERAL_CONVERSION = YES;
				CLANG_WARN_OBJC_ROOT_CLASS = YES_ERROR;
				CLANG_WARN_QUOTED_INCLUDE_IN_FRAMEWORK_HEADER = YES;
				CLANG_WARN_RANGE_LOOP_ANALYSIS = YES;
				CLANG_WARN_STRICT_PROTOTYPES = YES;
				CLANG_WARN_SUSPICIOUS_MOVE = YES;
				CLANG_WARN_UNGUARDED_AVAILABILITY = YES_AGGRESSIVE;
				CLANG_WARN_UNREACHABLE_CODE = YES;
				CLANG_WARN__DUPLICATE_METHOD_MATCH = YES;
				COPY_PHASE_STRIP = NO;
				DEBUG_INFORMATION_FORMAT = dwarf;
				ENABLE_STRICT_OBJC_MSGSEND = YES;
				ENABLE_TESTABILITY = YES;
				GCC_C_LANGUAGE_STANDARD = gnu11;
				GCC_DYNAMIC_NO_PIC = NO;
				GCC_NO_COMMON_BLOCKS = YES;
				GCC_OPTIMIZATION_LEVEL = 0;
				GCC_PREPROCESSOR_DEFINITIONS = (
					"DEBUG=1",
					"$(inherited)",
				);
				GCC_WARN_64_TO_32_BIT_CONVERSION = YES;
				GCC_WARN_ABOUT_RETURN_TYPE = YES_ERROR;
				GCC_WARN_UNDECLARED_SELECTOR = YES;
				GCC_WARN_UNINITIALIZED_AUTOS = YES_AGGRESSIVE;
				GCC_WARN_UNUSED_FUNCTION = YES;
				GCC_WARN_UNUSED_VARIABLE = YES;
				IPHONEOS_DEPLOYMENT_TARGET = 16.4;
				MTL_ENABLE_DEBUG_INFO = INCLUDE_SOURCE;
				MTL_FAST_MATH = YES;
				ONLY_ACTIVE_ARCH = YES;
				SDKROOT = iphoneos;
				SWIFT_ACTIVE_COMPILATION_CONDITIONS = DEBUG;
				SWIFT_OPTIMIZATION_LEVEL = "-Onone";
			};
			name = Debug;
		};
		A8C6D8002A8F56EC00A4EA22 /* Release */ = {
			isa = XCBuildConfiguration;
			buildSettings = {
				ALWAYS_SEARCH_USER_PATHS = NO;
				CLANG_ANALYZER_NONNULL = YES;
				CLANG_ANALYZER_NUMBER_OBJECT_CONVERSION = YES_AGGRESSIVE;
				CLANG_CXX_LANGUAGE_STANDARD = "gnu++20";
				CLANG_ENABLE_MODULES = YES;
				CLANG_ENABLE_OBJC_ARC = YES;
				CLANG_ENABLE_OBJC_WEAK = YES;
				CLANG_WARN_BLOCK_CAPTURE_AUTORELEASING = YES;
				CLANG_WARN_BOOL_CONVERSION = YES;
				CLANG_WARN_COMMA = YES;
				CLANG_WARN_CONSTANT_CONVERSION = YES;
				CLANG_WARN_DEPRECATED_OBJC_IMPLEMENTATIONS = YES;
				CLANG_WARN_DIRECT_OBJC_ISA_USAGE = YES_ERROR;
				CLANG_WARN_DOCUMENTATION_COMMENTS = YES;
				CLANG_WARN_EMPTY_BODY = YES;
				CLANG_WARN_ENUM_CONVERSION = YES;
				CLANG_WARN_INFINITE_RECURSION = YES;
				CLANG_WARN_INT_CONVERSION = YES;
				CLANG_WARN_NON_LITERAL_NULL_CONVERSION = YES;
				CLANG_WARN_OBJC_IMPLICIT_RETAIN_SELF = YES;
				CLANG_WARN_OBJC_LITERAL_CONVERSION = YES;
				CLANG_WARN_OBJC_ROOT_CLASS = YES_ERROR;
				CLANG_WARN_QUOTED_INCLUDE_IN_FRAMEWORK_HEADER = YES;
				CLANG_WARN_RANGE_LOOP_ANALYSIS = YES;
				CLANG_WARN_STRICT_PROTOTYPES = YES;
				CLANG_WARN_SUSPICIOUS_MOVE = YES;
				CLANG_WARN_UNGUARDED_AVAILABILITY = YES_AGGRESSIVE;
				CLANG_WARN_UNREACHABLE_CODE = YES;
				CLANG_WARN__DUPLICATE_METHOD_MATCH = YES;
				COPY_PHASE_STRIP = NO;
				DEBUG_INFORMATION_FORMAT = "dwarf-with-dsym";
				ENABLE_NS_ASSERTIONS = NO;
				ENABLE_STRICT_OBJC_MSGSEND = YES;
				GCC_C_LANGUAGE_STANDARD = gnu11;
				GCC_NO_COMMON_BLOCKS = YES;
				GCC_WARN_64_TO_32_BIT_CONVERSION = YES;
				GCC_WARN_ABOUT_RETURN_TYPE = YES_ERROR;
				GCC_WARN_UNDECLARED_SELECTOR = YES;
				GCC_WARN_UNINITIALIZED_AUTOS = YES_AGGRESSIVE;
				GCC_WARN_UNUSED_FUNCTION = YES;
				GCC_WARN_UNUSED_VARIABLE = YES;
				IPHONEOS_DEPLOYMENT_TARGET = 16.4;
				MTL_ENABLE_DEBUG_INFO = NO;
				MTL_FAST_MATH = YES;
				SDKROOT = iphoneos;
				SWIFT_COMPILATION_MODE = wholemodule;
				SWIFT_OPTIMIZATION_LEVEL = "-O";
				VALIDATE_PRODUCT = YES;
			};
			name = Release;
		};
		A8C6D8022A8F56EC00A4EA22 /* Debug */ = {
			isa = XCBuildConfiguration;
			buildSettings = {
				ASSETCATALOG_COMPILER_APPICON_NAME = AppIcon;
				ASSETCATALOG_COMPILER_GLOBAL_ACCENT_COLOR_NAME = AccentColor;
				CODE_SIGN_STYLE = Automatic;
				CURRENT_PROJECT_VERSION = 1;
				DEVELOPMENT_ASSET_PATHS = "\"SwiftImageAnalyser/Preview Content\"";
				ENABLE_PREVIEWS = YES;
				GENERATE_INFOPLIST_FILE = YES;
				INFOPLIST_KEY_UIApplicationSceneManifest_Generation = YES;
				INFOPLIST_KEY_UIApplicationSupportsIndirectInputEvents = YES;
				INFOPLIST_KEY_UILaunchScreen_Generation = YES;
				INFOPLIST_KEY_UISupportedInterfaceOrientations_iPad = "UIInterfaceOrientationPortrait UIInterfaceOrientationPortraitUpsideDown UIInterfaceOrientationLandscapeLeft UIInterfaceOrientationLandscapeRight";
				INFOPLIST_KEY_UISupportedInterfaceOrientations_iPhone = "UIInterfaceOrientationPortrait UIInterfaceOrientationLandscapeLeft UIInterfaceOrientationLandscapeRight";
				LD_RUNPATH_SEARCH_PATHS = (
					"$(inherited)",
					"@executable_path/Frameworks",
				);
				MARKETING_VERSION = 1.0;
				PRODUCT_BUNDLE_IDENTIFIER = dev.agiletechie.SwiftImageAnalyser;
				PRODUCT_NAME = "$(TARGET_NAME)";
				SWIFT_EMIT_LOC_STRINGS = YES;
				SWIFT_VERSION = 5.0;
				TARGETED_DEVICE_FAMILY = "1,2";
			};
			name = Debug;
		};
		A8C6D8032A8F56EC00A4EA22 /* Release */ = {
			isa = XCBuildConfiguration;
			buildSettings = {
				ASSETCATALOG_COMPILER_APPICON_NAME = AppIcon;
				ASSETCATALOG_COMPILER_GLOBAL_ACCENT_COLOR_NAME = AccentColor;
				CODE_SIGN_STYLE = Automatic;
				CURRENT_PROJECT_VERSION = 1;
				DEVELOPMENT_ASSET_PATHS = "\"SwiftImageAnalyser/Preview Content\"";
				ENABLE_PREVIEWS = YES;
				GENERATE_INFOPLIST_FILE = YES;
				INFOPLIST_KEY_UIApplicationSceneManifest_Generation = YES;
				INFOPLIST_KEY_UIApplicationSupportsIndirectInputEvents = YES;
				INFOPLIST_KEY_UILaunchScreen_Generation = YES;
				INFOPLIST_KEY_UISupportedInterfaceOrientations_iPad = "UIInterfaceOrientationPortrait UIInterfaceOrientationPortraitUpsideDown UIInterfaceOrientationLandscapeLeft UIInterfaceOrientationLandscapeRight";
				INFOPLIST_KEY_UISupportedInterfaceOrientations_iPhone = "UIInterfaceOrientationPortrait UIInterfaceOrientationLandscapeLeft UIInterfaceOrientationLandscapeRight";
				LD_RUNPATH_SEARCH_PATHS = (
					"$(inherited)",
					"@executable_path/Frameworks",
				);
				MARKETING_VERSION = 1.0;
				PRODUCT_BUNDLE_IDENTIFIER = dev.agiletechie.SwiftImageAnalyser;
				PRODUCT_NAME = "$(TARGET_NAME)";
				SWIFT_EMIT_LOC_STRINGS = YES;
				SWIFT_VERSION = 5.0;
				TARGETED_DEVICE_FAMILY = "1,2";
			};
			name = Release;
		};
/* End XCBuildConfiguration section */

/* Begin XCConfigurationList section */
		A8C6D7EE2A8F56EB00A4EA22 /* Build configuration list for PBXProject "SwiftImageAnalyser" */ = {
			isa = XCConfigurationList;
			buildConfigurations = (
				A8C6D7FF2A8F56EC00A4EA22 /* Debug */,
				A8C6D8002A8F56EC00A4EA22 /* Release */,
			);
			defaultConfigurationIsVisible = 0;
			defaultConfigurationName = Release;
		};
		A8C6D8012A8F56EC00A4EA22 /* Build configuration list for PBXNativeTarget "SwiftImageAnalyser" */ = {
			isa = XCConfigurationList;
			buildConfigurations = (
				A8C6D8022A8F56EC00A4EA22 /* Debug */,
				A8C6D8032A8F56EC00A4EA22 /* Release */,
			);
			defaultConfigurationIsVisible = 0;
			defaultConfigurationName = Release;
		};
/* End XCConfigurationList section */
	};
	rootObject = A8C6D7EB2A8F56EB00A4EA22 /* Project object */;
}
